// !$*UTF8*$!
{
	archiveVersion = 1;
	classes = {
	};
	objectVersion = 50;
	objects = {

/* Begin PBXBuildFile section */
		A085AEA821D21B04008F6E4F /* AppDelegate.swift in Sources */ = {isa = PBXBuildFile; fileRef = A085AEA721D21B04008F6E4F /* AppDelegate.swift */; };
		A085AEAD21D21B04008F6E4F /* Main.storyboard in Resources */ = {isa = PBXBuildFile; fileRef = A085AEAB21D21B04008F6E4F /* Main.storyboard */; };
		A085AEAF21D21B05008F6E4F /* Assets.xcassets in Resources */ = {isa = PBXBuildFile; fileRef = A085AEAE21D21B05008F6E4F /* Assets.xcassets */; };
		A085AEB221D21B05008F6E4F /* LaunchScreen.storyboard in Resources */ = {isa = PBXBuildFile; fileRef = A085AEB021D21B05008F6E4F /* LaunchScreen.storyboard */; };
		A085AEBA21D2220D008F6E4F /* LoginFormController.swift in Sources */ = {isa = PBXBuildFile; fileRef = A085AEB921D2220D008F6E4F /* LoginFormController.swift */; };
		A08D67D521D58A1800B0943B /* UserFriendController.swift in Sources */ = {isa = PBXBuildFile; fileRef = A08D67D421D58A1800B0943B /* UserFriendController.swift */; };
		A08D67D721D58A3700B0943B /* UserFriendCell.swift in Sources */ = {isa = PBXBuildFile; fileRef = A08D67D621D58A3700B0943B /* UserFriendCell.swift */; };
		A08D67DA21D590F400B0943B /* FriendImageController.swift in Sources */ = {isa = PBXBuildFile; fileRef = A08D67D921D590F400B0943B /* FriendImageController.swift */; };
		A08D67DC21D5911200B0943B /* FriendImageCell.swift in Sources */ = {isa = PBXBuildFile; fileRef = A08D67DB21D5911200B0943B /* FriendImageCell.swift */; };
		A08D67DE21D5918A00B0943B /* UserGroupController.swift in Sources */ = {isa = PBXBuildFile; fileRef = A08D67DD21D5918A00B0943B /* UserGroupController.swift */; };
		A08D67E021D591A200B0943B /* UserGroupCell.swift in Sources */ = {isa = PBXBuildFile; fileRef = A08D67DF21D591A200B0943B /* UserGroupCell.swift */; };
		A08D67E221D593F200B0943B /* AvailGroupController.swift in Sources */ = {isa = PBXBuildFile; fileRef = A08D67E121D593F200B0943B /* AvailGroupController.swift */; };
		A08D67E421D5940900B0943B /* AvailGroupCell.swift in Sources */ = {isa = PBXBuildFile; fileRef = A08D67E321D5940900B0943B /* AvailGroupCell.swift */; };
		A08D67E621D611A400B0943B /* Topology.swift in Sources */ = {isa = PBXBuildFile; fileRef = A08D67E521D611A400B0943B /* Topology.swift */; };
		A0EB4CF821ED170700BBF079 /* LikeControl.swift in Sources */ = {isa = PBXBuildFile; fileRef = A0EB4CF721ED170700BBF079 /* LikeControl.swift */; };
		A0F4D22221ED40F50041CB05 /* NewslineController.swift in Sources */ = {isa = PBXBuildFile; fileRef = A0F4D22121ED40F50041CB05 /* NewslineController.swift */; };
/* End PBXBuildFile section */

/* Begin PBXFileReference section */
		A085AEA421D21B04008F6E4F /* VK_app.app */ = {isa = PBXFileReference; explicitFileType = wrapper.application; includeInIndex = 0; path = VK_app.app; sourceTree = BUILT_PRODUCTS_DIR; };
		A085AEA721D21B04008F6E4F /* AppDelegate.swift */ = {isa = PBXFileReference; lastKnownFileType = sourcecode.swift; path = AppDelegate.swift; sourceTree = "<group>"; };
		A085AEAC21D21B04008F6E4F /* Base */ = {isa = PBXFileReference; lastKnownFileType = file.storyboard; name = Base; path = Base.lproj/Main.storyboard; sourceTree = "<group>"; };
		A085AEAE21D21B05008F6E4F /* Assets.xcassets */ = {isa = PBXFileReference; lastKnownFileType = folder.assetcatalog; path = Assets.xcassets; sourceTree = "<group>"; };
		A085AEB121D21B05008F6E4F /* Base */ = {isa = PBXFileReference; lastKnownFileType = file.storyboard; name = Base; path = Base.lproj/LaunchScreen.storyboard; sourceTree = "<group>"; };
		A085AEB321D21B05008F6E4F /* Info.plist */ = {isa = PBXFileReference; lastKnownFileType = text.plist.xml; path = Info.plist; sourceTree = "<group>"; };
		A085AEB921D2220D008F6E4F /* LoginFormController.swift */ = {isa = PBXFileReference; lastKnownFileType = sourcecode.swift; path = LoginFormController.swift; sourceTree = "<group>"; };
		A08D67D421D58A1800B0943B /* UserFriendController.swift */ = {isa = PBXFileReference; lastKnownFileType = sourcecode.swift; path = UserFriendController.swift; sourceTree = "<group>"; };
		A08D67D621D58A3700B0943B /* UserFriendCell.swift */ = {isa = PBXFileReference; lastKnownFileType = sourcecode.swift; path = UserFriendCell.swift; sourceTree = "<group>"; };
		A08D67D921D590F400B0943B /* FriendImageController.swift */ = {isa = PBXFileReference; lastKnownFileType = sourcecode.swift; path = FriendImageController.swift; sourceTree = "<group>"; };
		A08D67DB21D5911200B0943B /* FriendImageCell.swift */ = {isa = PBXFileReference; lastKnownFileType = sourcecode.swift; path = FriendImageCell.swift; sourceTree = "<group>"; };
		A08D67DD21D5918A00B0943B /* UserGroupController.swift */ = {isa = PBXFileReference; lastKnownFileType = sourcecode.swift; path = UserGroupController.swift; sourceTree = "<group>"; };
		A08D67DF21D591A200B0943B /* UserGroupCell.swift */ = {isa = PBXFileReference; lastKnownFileType = sourcecode.swift; path = UserGroupCell.swift; sourceTree = "<group>"; };
		A08D67E121D593F200B0943B /* AvailGroupController.swift */ = {isa = PBXFileReference; lastKnownFileType = sourcecode.swift; path = AvailGroupController.swift; sourceTree = "<group>"; };
		A08D67E321D5940900B0943B /* AvailGroupCell.swift */ = {isa = PBXFileReference; lastKnownFileType = sourcecode.swift; path = AvailGroupCell.swift; sourceTree = "<group>"; };
		A08D67E521D611A400B0943B /* Topology.swift */ = {isa = PBXFileReference; lastKnownFileType = sourcecode.swift; path = Topology.swift; sourceTree = "<group>"; };
		A0EB4CF721ED170700BBF079 /* LikeControl.swift */ = {isa = PBXFileReference; lastKnownFileType = sourcecode.swift; path = LikeControl.swift; sourceTree = "<group>"; };
		A0F4D22121ED40F50041CB05 /* NewslineController.swift */ = {isa = PBXFileReference; lastKnownFileType = sourcecode.swift; path = NewslineController.swift; sourceTree = "<group>"; };
/* End PBXFileReference section */

/* Begin PBXFrameworksBuildPhase section */
		A085AEA121D21B04008F6E4F /* Frameworks */ = {
			isa = PBXFrameworksBuildPhase;
			buildActionMask = 2147483647;
			files = (
			);
			runOnlyForDeploymentPostprocessing = 0;
		};
/* End PBXFrameworksBuildPhase section */

/* Begin PBXGroup section */
		A085AE9B21D21B04008F6E4F = {
			isa = PBXGroup;
			children = (
				A085AEA621D21B04008F6E4F /* VK_app */,
				A085AEA521D21B04008F6E4F /* Products */,
			);
			sourceTree = "<group>";
		};
		A085AEA521D21B04008F6E4F /* Products */ = {
			isa = PBXGroup;
			children = (
				A085AEA421D21B04008F6E4F /* VK_app.app */,
			);
			name = Products;
			sourceTree = "<group>";
		};
		A085AEA621D21B04008F6E4F /* VK_app */ = {
			isa = PBXGroup;
			children = (
				A0F4D22021ED40B40041CB05 /* Newsline */,
				A0C382B021D582FB00FA3250 /* UserFriendList */,
				A08D67D821D5907900B0943B /* CollectionView */,
				A08D67CF21D5886700B0943B /* UserGroupList */,
				A0C382B221D5835000FA3250 /* AvailGroupList */,
				A085AEA721D21B04008F6E4F /* AppDelegate.swift */,
				A085AEB921D2220D008F6E4F /* LoginFormController.swift */,
				A08D67E521D611A400B0943B /* Topology.swift */,
				A085AEAB21D21B04008F6E4F /* Main.storyboard */,
				A085AEAE21D21B05008F6E4F /* Assets.xcassets */,
				A085AEB021D21B05008F6E4F /* LaunchScreen.storyboard */,
				A085AEB321D21B05008F6E4F /* Info.plist */,
			);
			path = VK_app;
			sourceTree = "<group>";
		};
		A08D67CF21D5886700B0943B /* UserGroupList */ = {
			isa = PBXGroup;
			children = (
				A08D67DD21D5918A00B0943B /* UserGroupController.swift */,
				A08D67DF21D591A200B0943B /* UserGroupCell.swift */,
			);
			path = UserGroupList;
			sourceTree = "<group>";
		};
		A08D67D821D5907900B0943B /* CollectionView */ = {
			isa = PBXGroup;
			children = (
				A08D67D921D590F400B0943B /* FriendImageController.swift */,
				A08D67DB21D5911200B0943B /* FriendImageCell.swift */,
			);
			path = CollectionView;
			sourceTree = "<group>";
		};
		A0C382B021D582FB00FA3250 /* UserFriendList */ = {
			isa = PBXGroup;
			children = (
				A08D67D421D58A1800B0943B /* UserFriendController.swift */,
				A08D67D621D58A3700B0943B /* UserFriendCell.swift */,
			);
			path = UserFriendList;
			sourceTree = "<group>";
		};
		A0C382B221D5835000FA3250 /* AvailGroupList */ = {
			isa = PBXGroup;
			children = (
				A08D67E121D593F200B0943B /* AvailGroupController.swift */,
				A08D67E321D5940900B0943B /* AvailGroupCell.swift */,
			);
			path = AvailGroupList;
			sourceTree = "<group>";
		};
		A0F4D22021ED40B40041CB05 /* Newsline */ = {
			isa = PBXGroup;
			children = (
				A0F4D22121ED40F50041CB05 /* NewslineController.swift */,
				A0EB4CF721ED170700BBF079 /* LikeControl.swift */,
			);
			path = Newsline;
			sourceTree = "<group>";
		};
/* End PBXGroup section */

/* Begin PBXNativeTarget section */
		A085AEA321D21B04008F6E4F /* VK_app */ = {
			isa = PBXNativeTarget;
			buildConfigurationList = A085AEB621D21B05008F6E4F /* Build configuration list for PBXNativeTarget "VK_app" */;
			buildPhases = (
				A085AEA021D21B04008F6E4F /* Sources */,
				A085AEA121D21B04008F6E4F /* Frameworks */,
				A085AEA221D21B04008F6E4F /* Resources */,
			);
			buildRules = (
			);
			dependencies = (
			);
			name = VK_app;
			productName = VK_app;
			productReference = A085AEA421D21B04008F6E4F /* VK_app.app */;
			productType = "com.apple.product-type.application";
		};
/* End PBXNativeTarget section */

/* Begin PBXProject section */
		A085AE9C21D21B04008F6E4F /* Project object */ = {
			isa = PBXProject;
			attributes = {
				LastSwiftUpdateCheck = 1010;
				LastUpgradeCheck = 1010;
				ORGANIZATIONNAME = Nikolay.Trofimov;
				TargetAttributes = {
					A085AEA321D21B04008F6E4F = {
						CreatedOnToolsVersion = 10.1;
					};
				};
			};
			buildConfigurationList = A085AE9F21D21B04008F6E4F /* Build configuration list for PBXProject "VK_app" */;
			compatibilityVersion = "Xcode 9.3";
			developmentRegion = en;
			hasScannedForEncodings = 0;
			knownRegions = (
				en,
				Base,
			);
			mainGroup = A085AE9B21D21B04008F6E4F;
			productRefGroup = A085AEA521D21B04008F6E4F /* Products */;
			projectDirPath = "";
			projectRoot = "";
			targets = (
				A085AEA321D21B04008F6E4F /* VK_app */,
			);
		};
/* End PBXProject section */

/* Begin PBXResourcesBuildPhase section */
		A085AEA221D21B04008F6E4F /* Resources */ = {
			isa = PBXResourcesBuildPhase;
			buildActionMask = 2147483647;
			files = (
				A085AEB221D21B05008F6E4F /* LaunchScreen.storyboard in Resources */,
				A085AEAF21D21B05008F6E4F /* Assets.xcassets in Resources */,
				A085AEAD21D21B04008F6E4F /* Main.storyboard in Resources */,
			);
			runOnlyForDeploymentPostprocessing = 0;
		};
/* End PBXResourcesBuildPhase section */

/* Begin PBXSourcesBuildPhase section */
		A085AEA021D21B04008F6E4F /* Sources */ = {
			isa = PBXSourcesBuildPhase;
			buildActionMask = 2147483647;
			files = (
				A08D67DA21D590F400B0943B /* FriendImageController.swift in Sources */,
				A085AEBA21D2220D008F6E4F /* LoginFormController.swift in Sources */,
				A08D67E621D611A400B0943B /* Topology.swift in Sources */,
				A08D67E021D591A200B0943B /* UserGroupCell.swift in Sources */,
				A085AEA821D21B04008F6E4F /* AppDelegate.swift in Sources */,
				A0F4D22221ED40F50041CB05 /* NewslineController.swift in Sources */,
				A08D67E221D593F200B0943B /* AvailGroupController.swift in Sources */,
				A08D67DE21D5918A00B0943B /* UserGroupController.swift in Sources */,
				A08D67DC21D5911200B0943B /* FriendImageCell.swift in Sources */,
				A08D67E421D5940900B0943B /* AvailGroupCell.swift in Sources */,
				A08D67D721D58A3700B0943B /* UserFriendCell.swift in Sources */,
				A0EB4CF821ED170700BBF079 /* LikeControl.swift in Sources */,
				A08D67D521D58A1800B0943B /* UserFriendController.swift in Sources */,
			);
			runOnlyForDeploymentPostprocessing = 0;
		};
/* End PBXSourcesBuildPhase section */

/* Begin PBXVariantGroup section */
		A085AEAB21D21B04008F6E4F /* Main.storyboard */ = {
			isa = PBXVariantGroup;
			children = (
				A085AEAC21D21B04008F6E4F /* Base */,
			);
			name = Main.storyboard;
			sourceTree = "<group>";
		};
		A085AEB021D21B05008F6E4F /* LaunchScreen.storyboard */ = {
			isa = PBXVariantGroup;
			children = (
				A085AEB121D21B05008F6E4F /* Base */,
			);
			name = LaunchScreen.storyboard;
			sourceTree = "<group>";
		};
/* End PBXVariantGroup section */

/* Begin XCBuildConfiguration section */
		A085AEB421D21B05008F6E4F /* Debug */ = {
			isa = XCBuildConfiguration;
			buildSettings = {
				ALWAYS_SEARCH_USER_PATHS = NO;
				CLANG_ANALYZER_NONNULL = YES;
				CLANG_ANALYZER_NUMBER_OBJECT_CONVERSION = YES_AGGRESSIVE;
				CLANG_CXX_LANGUAGE_STANDARD = "gnu++14";
				CLANG_CXX_LIBRARY = "libc++";
				CLANG_ENABLE_MODULES = YES;
				CLANG_ENABLE_OBJC_ARC = YES;
				CLANG_ENABLE_OBJC_WEAK = YES;
				CLANG_WARN_BLOCK_CAPTURE_AUTORELEASING = YES;
				CLANG_WARN_BOOL_CONVERSION = YES;
				CLANG_WARN_COMMA = YES;
				CLANG_WARN_CONSTANT_CONVERSION = YES;
				CLANG_WARN_DEPRECATED_OBJC_IMPLEMENTATIONS = YES;
				CLANG_WARN_DIRECT_OBJC_ISA_USAGE = YES_ERROR;
				CLANG_WARN_DOCUMENTATION_COMMENTS = YES;
				CLANG_WARN_EMPTY_BODY = YES;
				CLANG_WARN_ENUM_CONVERSION = YES;
				CLANG_WARN_INFINITE_RECURSION = YES;
				CLANG_WARN_INT_CONVERSION = YES;
				CLANG_WARN_NON_LITERAL_NULL_CONVERSION = YES;
				CLANG_WARN_OBJC_IMPLICIT_RETAIN_SELF = YES;
				CLANG_WARN_OBJC_LITERAL_CONVERSION = YES;
				CLANG_WARN_OBJC_ROOT_CLASS = YES_ERROR;
				CLANG_WARN_RANGE_LOOP_ANALYSIS = YES;
				CLANG_WARN_STRICT_PROTOTYPES = YES;
				CLANG_WARN_SUSPICIOUS_MOVE = YES;
				CLANG_WARN_UNGUARDED_AVAILABILITY = YES_AGGRESSIVE;
				CLANG_WARN_UNREACHABLE_CODE = YES;
				CLANG_WARN__DUPLICATE_METHOD_MATCH = YES;
				CODE_SIGN_IDENTITY = "iPhone Developer";
				COPY_PHASE_STRIP = NO;
				DEBUG_INFORMATION_FORMAT = dwarf;
				ENABLE_STRICT_OBJC_MSGSEND = YES;
				ENABLE_TESTABILITY = YES;
				GCC_C_LANGUAGE_STANDARD = gnu11;
				GCC_DYNAMIC_NO_PIC = NO;
				GCC_NO_COMMON_BLOCKS = YES;
				GCC_OPTIMIZATION_LEVEL = 0;
				GCC_PREPROCESSOR_DEFINITIONS = (
					"DEBUG=1",
					"$(inherited)",
				);
				GCC_WARN_64_TO_32_BIT_CONVERSION = YES;
				GCC_WARN_ABOUT_RETURN_TYPE = YES_ERROR;
				GCC_WARN_UNDECLARED_SELECTOR = YES;
				GCC_WARN_UNINITIALIZED_AUTOS = YES_AGGRESSIVE;
				GCC_WARN_UNUSED_FUNCTION = YES;
				GCC_WARN_UNUSED_VARIABLE = YES;
				IPHONEOS_DEPLOYMENT_TARGET = 12.1;
				MTL_ENABLE_DEBUG_INFO = INCLUDE_SOURCE;
				MTL_FAST_MATH = YES;
				ONLY_ACTIVE_ARCH = YES;
				SDKROOT = iphoneos;
				SWIFT_ACTIVE_COMPILATION_CONDITIONS = DEBUG;
				SWIFT_OPTIMIZATION_LEVEL = "-Onone";
			};
			name = Debug;
		};
		A085AEB521D21B05008F6E4F /* Release */ = {
			isa = XCBuildConfiguration;
			buildSettings = {
				ALWAYS_SEARCH_USER_PATHS = NO;
				CLANG_ANALYZER_NONNULL = YES;
				CLANG_ANALYZER_NUMBER_OBJECT_CONVERSION = YES_AGGRESSIVE;
				CLANG_CXX_LANGUAGE_STANDARD = "gnu++14";
				CLANG_CXX_LIBRARY = "libc++";
				CLANG_ENABLE_MODULES = YES;
				CLANG_ENABLE_OBJC_ARC = YES;
				CLANG_ENABLE_OBJC_WEAK = YES;
				CLANG_WARN_BLOCK_CAPTURE_AUTORELEASING = YES;
				CLANG_WARN_BOOL_CONVERSION = YES;
				CLANG_WARN_COMMA = YES;
				CLANG_WARN_CONSTANT_CONVERSION = YES;
				CLANG_WARN_DEPRECATED_OBJC_IMPLEMENTATIONS = YES;
				CLANG_WARN_DIRECT_OBJC_ISA_USAGE = YES_ERROR;
				CLANG_WARN_DOCUMENTATION_COMMENTS = YES;
				CLANG_WARN_EMPTY_BODY = YES;
				CLANG_WARN_ENUM_CONVERSION = YES;
				CLANG_WARN_INFINITE_RECURSION = YES;
				CLANG_WARN_INT_CONVERSION = YES;
				CLANG_WARN_NON_LITERAL_NULL_CONVERSION = YES;
				CLANG_WARN_OBJC_IMPLICIT_RETAIN_SELF = YES;
				CLANG_WARN_OBJC_LITERAL_CONVERSION = YES;
				CLANG_WARN_OBJC_ROOT_CLASS = YES_ERROR;
				CLANG_WARN_RANGE_LOOP_ANALYSIS = YES;
				CLANG_WARN_STRICT_PROTOTYPES = YES;
				CLANG_WARN_SUSPICIOUS_MOVE = YES;
				CLANG_WARN_UNGUARDED_AVAILABILITY = YES_AGGRESSIVE;
				CLANG_WARN_UNREACHABLE_CODE = YES;
				CLANG_WARN__DUPLICATE_METHOD_MATCH = YES;
				CODE_SIGN_IDENTITY = "iPhone Developer";
				COPY_PHASE_STRIP = NO;
				DEBUG_INFORMATION_FORMAT = "dwarf-with-dsym";
				ENABLE_NS_ASSERTIONS = NO;
				ENABLE_STRICT_OBJC_MSGSEND = YES;
				GCC_C_LANGUAGE_STANDARD = gnu11;
				GCC_NO_COMMON_BLOCKS = YES;
				GCC_WARN_64_TO_32_BIT_CONVERSION = YES;
				GCC_WARN_ABOUT_RETURN_TYPE = YES_ERROR;
				GCC_WARN_UNDECLARED_SELECTOR = YES;
				GCC_WARN_UNINITIALIZED_AUTOS = YES_AGGRESSIVE;
				GCC_WARN_UNUSED_FUNCTION = YES;
				GCC_WARN_UNUSED_VARIABLE = YES;
				IPHONEOS_DEPLOYMENT_TARGET = 12.1;
				MTL_ENABLE_DEBUG_INFO = NO;
				MTL_FAST_MATH = YES;
				SDKROOT = iphoneos;
				SWIFT_COMPILATION_MODE = wholemodule;
				SWIFT_OPTIMIZATION_LEVEL = "-O";
				VALIDATE_PRODUCT = YES;
			};
			name = Release;
		};
		A085AEB721D21B05008F6E4F /* Debug */ = {
			isa = XCBuildConfiguration;
			buildSettings = {
				ASSETCATALOG_COMPILER_APPICON_NAME = AppIcon;
				CODE_SIGN_STYLE = Automatic;
				DEVELOPMENT_TEAM = T2HBBQ5KF9;
				INFOPLIST_FILE = VK_app/Info.plist;
				LD_RUNPATH_SEARCH_PATHS = (
					"$(inherited)",
					"@executable_path/Frameworks",
				);
				PRODUCT_BUNDLE_IDENTIFIER = "home.VK-app";
				PRODUCT_NAME = "$(TARGET_NAME)";
				SWIFT_VERSION = 4.2;
				TARGETED_DEVICE_FAMILY = "1,2";
			};
			name = Debug;
		};
		A085AEB821D21B05008F6E4F /* Release */ = {
			isa = XCBuildConfiguration;
			buildSettings = {
				ASSETCATALOG_COMPILER_APPICON_NAME = AppIcon;
				CODE_SIGN_STYLE = Automatic;
				DEVELOPMENT_TEAM = T2HBBQ5KF9;
				INFOPLIST_FILE = VK_app/Info.plist;
				LD_RUNPATH_SEARCH_PATHS = (
					"$(inherited)",
					"@executable_path/Frameworks",
				);
				PRODUCT_BUNDLE_IDENTIFIER = "home.VK-app";
				PRODUCT_NAME = "$(TARGET_NAME)";
				SWIFT_VERSION = 4.2;
				TARGETED_DEVICE_FAMILY = "1,2";
			};
			name = Release;
		};
/* End XCBuildConfiguration section */

/* Begin XCConfigurationList section */
		A085AE9F21D21B04008F6E4F /* Build configuration list for PBXProject "VK_app" */ = {
			isa = XCConfigurationList;
			buildConfigurations = (
				A085AEB421D21B05008F6E4F /* Debug */,
				A085AEB521D21B05008F6E4F /* Release */,
			);
			defaultConfigurationIsVisible = 0;
			defaultConfigurationName = Release;
		};
		A085AEB621D21B05008F6E4F /* Build configuration list for PBXNativeTarget "VK_app" */ = {
			isa = XCConfigurationList;
			buildConfigurations = (
				A085AEB721D21B05008F6E4F /* Debug */,
				A085AEB821D21B05008F6E4F /* Release */,
			);
			defaultConfigurationIsVisible = 0;
			defaultConfigurationName = Release;
		};
/* End XCConfigurationList section */
	};
	rootObject = A085AE9C21D21B04008F6E4F /* Project object */;
}
